
Microsoft Visual Studio Solution File, Format Version 12.00
# Visual Studio Version 16
VisualStudioVersion = 16.0.29728.190
MinimumVisualStudioVersion = 10.0.40219.1
Project("{9A19103F-16F7-4668-BE54-9A1E7A4F7556}") = "BookStore", "BookStore.csproj", "{10AF3A47-33DF-4A86-AB84-948551C5DE02}"
EndProject
Project("{FAE04EC0-301F-11D3-BF4B-00C04F79EFBC}") = "NUnitTestProject", "..\NUnitTestProject\NUnitTestProject.csproj", "{EB7DBA5C-23C4-4FC1-9E84-1325A9D7F597}"
EndProject
Global
	GlobalSection(SolutionConfigurationPlatforms) = preSolution
		Debug|Any CPU = Debug|Any CPU
		Release|Any CPU = Release|Any CPU
	EndGlobalSection
	GlobalSection(ProjectConfigurationPlatforms) = postSolution
		{10AF3A47-33DF-4A86-AB84-948551C5DE02}.Debug|Any CPU.ActiveCfg = Debug|Any CPU
		{10AF3A47-33DF-4A86-AB84-948551C5DE02}.Debug|Any CPU.Build.0 = Debug|Any CPU
		{10AF3A47-33DF-4A86-AB84-948551C5DE02}.Release|Any CPU.ActiveCfg = Release|Any CPU
		{10AF3A47-33DF-4A86-AB84-948551C5DE02}.Release|Any CPU.Build.0 = Release|Any CPU
		{EB7DBA5C-23C4-4FC1-9E84-1325A9D7F597}.Debug|Any CPU.ActiveCfg = Debug|Any CPU
		{EB7DBA5C-23C4-4FC1-9E84-1325A9D7F597}.Debug|Any CPU.Build.0 = Debug|Any CPU
		{EB7DBA5C-23C4-4FC1-9E84-1325A9D7F597}.Release|Any CPU.ActiveCfg = Release|Any CPU
		{EB7DBA5C-23C4-4FC1-9E84-1325A9D7F597}.Release|Any CPU.Build.0 = Release|Any CPU
	EndGlobalSection
	GlobalSection(SolutionProperties) = preSolution
		HideSolutionNode = FALSE
	EndGlobalSection
	GlobalSection(ExtensibilityGlobals) = postSolution
		SolutionGuid = {16918DCF-8248-4AE3-B1BD-C1E8666C41BB}
	EndGlobalSection
EndGlobal
